# generated by rye
# use `rye lock` or `rye sync` to update this lockfile
#
# last locked with the following flags:
#   pre: false
#   features: []
#   all-features: false
#   with-sources: false
#   generate-hashes: false
#   universal: false

-e file:.
cffi==1.17.1
    # via sounddevice
click==8.0.4
    # via huh-computer-music
numpy==2.1.2
    # via huh-computer-music
    # via scipy
pycparser==2.22
    # via cffi
rx==1.6.1
    # via huh-computer-music
scipy==1.14.1
    # via huh-computer-music
sounddevice==0.5.1
    # via huh-computer-music
